
Microsoft Visual Studio Solution File, Format Version 12.00
# Visual Studio Version 17
VisualStudioVersion = 17.3.32819.101
MinimumVisualStudioVersion = 10.0.40219.1
Project("{FAE04EC0-301F-11D3-BF4B-00C04F79EFBC}") = "myFirstBackend", "myFirstBackend\myFirstBackend.csproj", "{F0CB4D44-21B5-44D9-89BF-243BED376C9B}"
EndProject
Global
	GlobalSection(SolutionConfigurationPlatforms) = preSolution
		Debug|Any CPU = Debug|Any CPU
		Release|Any CPU = Release|Any CPU
	EndGlobalSection
	GlobalSection(ProjectConfigurationPlatforms) = postSolution
		{F0CB4D44-21B5-44D9-89BF-243BED376C9B}.Debug|Any CPU.ActiveCfg = Debug|Any CPU
		{F0CB4D44-21B5-44D9-89BF-243BED376C9B}.Debug|Any CPU.Build.0 = Debug|Any CPU
		{F0CB4D44-21B5-44D9-89BF-243BED376C9B}.Release|Any CPU.ActiveCfg = Release|Any CPU
		{F0CB4D44-21B5-44D9-89BF-243BED376C9B}.Release|Any CPU.Build.0 = Release|Any CPU
	EndGlobalSection
	GlobalSection(SolutionProperties) = preSolution
		HideSolutionNode = FALSE
	EndGlobalSection
	GlobalSection(ExtensibilityGlobals) = postSolution
		SolutionGuid = {ED5E9A2F-CD4D-4080-A7EC-EE6C1F1D76D6}
	EndGlobalSection
EndGlobal
